{
  "originHash" : "79667c73569da3679ef7e7987fc41cbce2d177f8479a314c1bb3a6b51c7c6810",
  "pins" : [
    {
      "identity" : "codemirror-swiftui",
      "kind" : "remoteSourceControl",
      "location" : "https://github.com/hengfeiyang/CodeMirror-SwiftUI",
      "state" : {
        "branch" : "main",
        "revision" : "352392a9ba2c71c4c068540b35b0d140b32e5906"
      }
    },
    {
      "identity" : "duckdb-swift",
      "kind" : "remoteSourceControl",
      "location" : "https://github.com/duckdb/duckdb-swift",
      "state" : {
        "branch" : "v1.4.0-dev1354",
        "revision" : "92f578c5e7237bbc3bcf8b468f02b30452bdd157"
      }
    }
  ],
  "version" : 3
}
